// !$*UTF8*$!
{
	archiveVersion = 1;
	classes = {
	};
	objectVersion = 46;
	objects = {

/* Begin PBXBuildFile section */
		8D9343FB1E0DB680007E2992 /* AppDelegate.swift in Sources */ = {isa = PBXBuildFile; fileRef = 8D9343FA1E0DB680007E2992 /* AppDelegate.swift */; };
		8D9343FD1E0DB680007E2992 /* ViewController.swift in Sources */ = {isa = PBXBuildFile; fileRef = 8D9343FC1E0DB680007E2992 /* ViewController.swift */; };
		8D9344001E0DB680007E2992 /* Main.storyboard in Resources */ = {isa = PBXBuildFile; fileRef = 8D9343FE1E0DB680007E2992 /* Main.storyboard */; };
		8D9344021E0DB680007E2992 /* Assets.xcassets in Resources */ = {isa = PBXBuildFile; fileRef = 8D9344011E0DB680007E2992 /* Assets.xcassets */; };
		8D9344051E0DB680007E2992 /* LaunchScreen.storyboard in Resources */ = {isa = PBXBuildFile; fileRef = 8D9344031E0DB680007E2992 /* LaunchScreen.storyboard */; };
		8D9344101E0DB681007E2992 /* DecoSampleTests.swift in Sources */ = {isa = PBXBuildFile; fileRef = 8D93440F1E0DB681007E2992 /* DecoSampleTests.swift */; };
		8D9344251E0DB695007E2992 /* DecoNetworking.framework in Frameworks */ = {isa = PBXBuildFile; fileRef = 8D9344241E0DB695007E2992 /* DecoNetworking.framework */; };
		8D9344271E0DB70B007E2992 /* MyCoolModel.swift in Sources */ = {isa = PBXBuildFile; fileRef = 8D9344261E0DB70B007E2992 /* MyCoolModel.swift */; };
/* End PBXBuildFile section */

/* Begin PBXContainerItemProxy section */
		8D93440C1E0DB681007E2992 /* PBXContainerItemProxy */ = {
			isa = PBXContainerItemProxy;
			containerPortal = 8D9343EF1E0DB680007E2992 /* Project object */;
			proxyType = 1;
			remoteGlobalIDString = 8D9343F61E0DB680007E2992;
			remoteInfo = DecoSample;
		};
/* End PBXContainerItemProxy section */

/* Begin PBXFileReference section */
		8D9343F71E0DB680007E2992 /* DecoSample.app */ = {isa = PBXFileReference; explicitFileType = wrapper.application; includeInIndex = 0; path = DecoSample.app; sourceTree = BUILT_PRODUCTS_DIR; };
		8D9343FA1E0DB680007E2992 /* AppDelegate.swift */ = {isa = PBXFileReference; lastKnownFileType = sourcecode.swift; path = AppDelegate.swift; sourceTree = "<group>"; };
		8D9343FC1E0DB680007E2992 /* ViewController.swift */ = {isa = PBXFileReference; lastKnownFileType = sourcecode.swift; path = ViewController.swift; sourceTree = "<group>"; };
		8D9343FF1E0DB680007E2992 /* Base */ = {isa = PBXFileReference; lastKnownFileType = file.storyboard; name = Base; path = Base.lproj/Main.storyboard; sourceTree = "<group>"; };
		8D9344011E0DB680007E2992 /* Assets.xcassets */ = {isa = PBXFileReference; lastKnownFileType = folder.assetcatalog; path = Assets.xcassets; sourceTree = "<group>"; };
		8D9344041E0DB680007E2992 /* Base */ = {isa = PBXFileReference; lastKnownFileType = file.storyboard; name = Base; path = Base.lproj/LaunchScreen.storyboard; sourceTree = "<group>"; };
		8D9344061E0DB680007E2992 /* Info.plist */ = {isa = PBXFileReference; lastKnownFileType = text.plist.xml; path = Info.plist; sourceTree = "<group>"; };
		8D93440B1E0DB681007E2992 /* DecoSampleTests.xctest */ = {isa = PBXFileReference; explicitFileType = wrapper.cfbundle; includeInIndex = 0; path = DecoSampleTests.xctest; sourceTree = BUILT_PRODUCTS_DIR; };
		8D93440F1E0DB681007E2992 /* DecoSampleTests.swift */ = {isa = PBXFileReference; lastKnownFileType = sourcecode.swift; path = DecoSampleTests.swift; sourceTree = "<group>"; };
		8D9344111E0DB681007E2992 /* Info.plist */ = {isa = PBXFileReference; lastKnownFileType = text.plist.xml; path = Info.plist; sourceTree = "<group>"; };
		8D9344241E0DB695007E2992 /* DecoNetworking.framework */ = {isa = PBXFileReference; lastKnownFileType = wrapper.framework; name = DecoNetworking.framework; path = "../../../Library/Developer/Xcode/DerivedData/DecoNetworking-bbaveijfdnyxtxensmpekxscjrvn/Build/Products/Debug-iphonesimulator/DecoNetworking.framework"; sourceTree = "<group>"; };
		8D9344261E0DB70B007E2992 /* MyCoolModel.swift */ = {isa = PBXFileReference; fileEncoding = 4; lastKnownFileType = sourcecode.swift; path = MyCoolModel.swift; sourceTree = "<group>"; };
/* End PBXFileReference section */

/* Begin PBXFrameworksBuildPhase section */
		8D9343F41E0DB680007E2992 /* Frameworks */ = {
			isa = PBXFrameworksBuildPhase;
			buildActionMask = 2147483647;
			files = (
				8D9344251E0DB695007E2992 /* DecoNetworking.framework in Frameworks */,
			);
			runOnlyForDeploymentPostprocessing = 0;
		};
		8D9344081E0DB681007E2992 /* Frameworks */ = {
			isa = PBXFrameworksBuildPhase;
			buildActionMask = 2147483647;
			files = (
			);
			runOnlyForDeploymentPostprocessing = 0;
		};
/* End PBXFrameworksBuildPhase section */

/* Begin PBXGroup section */
		8D9343EE1E0DB680007E2992 = {
			isa = PBXGroup;
			children = (
				8D9343F91E0DB680007E2992 /* DecoSample */,
				8D93440E1E0DB681007E2992 /* DecoSampleTests */,
				8D9343F81E0DB680007E2992 /* Products */,
				8D9344231E0DB695007E2992 /* Frameworks */,
			);
			sourceTree = "<group>";
		};
		8D9343F81E0DB680007E2992 /* Products */ = {
			isa = PBXGroup;
			children = (
				8D9343F71E0DB680007E2992 /* DecoSample.app */,
				8D93440B1E0DB681007E2992 /* DecoSampleTests.xctest */,
			);
			name = Products;
			sourceTree = "<group>";
		};
		8D9343F91E0DB680007E2992 /* DecoSample */ = {
			isa = PBXGroup;
			children = (
				8D9343FA1E0DB680007E2992 /* AppDelegate.swift */,
				8D9343FC1E0DB680007E2992 /* ViewController.swift */,
				8D9343FE1E0DB680007E2992 /* Main.storyboard */,
				8D9344011E0DB680007E2992 /* Assets.xcassets */,
				8D9344031E0DB680007E2992 /* LaunchScreen.storyboard */,
				8D9344061E0DB680007E2992 /* Info.plist */,
				8D9344261E0DB70B007E2992 /* MyCoolModel.swift */,
			);
			path = DecoSample;
			sourceTree = "<group>";
		};
		8D93440E1E0DB681007E2992 /* DecoSampleTests */ = {
			isa = PBXGroup;
			children = (
				8D93440F1E0DB681007E2992 /* DecoSampleTests.swift */,
				8D9344111E0DB681007E2992 /* Info.plist */,
			);
			path = DecoSampleTests;
			sourceTree = "<group>";
		};
		8D9344231E0DB695007E2992 /* Frameworks */ = {
			isa = PBXGroup;
			children = (
				8D9344241E0DB695007E2992 /* DecoNetworking.framework */,
			);
			name = Frameworks;
			sourceTree = "<group>";
		};
/* End PBXGroup section */

/* Begin PBXNativeTarget section */
		8D9343F61E0DB680007E2992 /* DecoSample */ = {
			isa = PBXNativeTarget;
			buildConfigurationList = 8D9344141E0DB681007E2992 /* Build configuration list for PBXNativeTarget "DecoSample" */;
			buildPhases = (
				8D9343F31E0DB680007E2992 /* Sources */,
				8D9343F41E0DB680007E2992 /* Frameworks */,
				8D9343F51E0DB680007E2992 /* Resources */,
			);
			buildRules = (
			);
			dependencies = (
			);
			name = DecoSample;
			productName = DecoSample;
			productReference = 8D9343F71E0DB680007E2992 /* DecoSample.app */;
			productType = "com.apple.product-type.application";
		};
		8D93440A1E0DB681007E2992 /* DecoSampleTests */ = {
			isa = PBXNativeTarget;
			buildConfigurationList = 8D9344171E0DB681007E2992 /* Build configuration list for PBXNativeTarget "DecoSampleTests" */;
			buildPhases = (
				8D9344071E0DB681007E2992 /* Sources */,
				8D9344081E0DB681007E2992 /* Frameworks */,
				8D9344091E0DB681007E2992 /* Resources */,
			);
			buildRules = (
			);
			dependencies = (
				8D93440D1E0DB681007E2992 /* PBXTargetDependency */,
			);
			name = DecoSampleTests;
			productName = DecoSampleTests;
			productReference = 8D93440B1E0DB681007E2992 /* DecoSampleTests.xctest */;
			productType = "com.apple.product-type.bundle.unit-test";
		};
/* End PBXNativeTarget section */

/* Begin PBXProject section */
		8D9343EF1E0DB680007E2992 /* Project object */ = {
			isa = PBXProject;
			attributes = {
				LastSwiftUpdateCheck = 0820;
				LastUpgradeCheck = 0820;
				ORGANIZATIONNAME = "Roberto Osorio-Goenaga";
				TargetAttributes = {
					8D9343F61E0DB680007E2992 = {
						CreatedOnToolsVersion = 8.2.1;
						DevelopmentTeam = 3E6BQ2LVL2;
						ProvisioningStyle = Automatic;
					};
					8D93440A1E0DB681007E2992 = {
						CreatedOnToolsVersion = 8.2.1;
						DevelopmentTeam = 3E6BQ2LVL2;
						ProvisioningStyle = Automatic;
						TestTargetID = 8D9343F61E0DB680007E2992;
					};
				};
			};
			buildConfigurationList = 8D9343F21E0DB680007E2992 /* Build configuration list for PBXProject "DecoSample" */;
			compatibilityVersion = "Xcode 3.2";
			developmentRegion = English;
			hasScannedForEncodings = 0;
			knownRegions = (
				en,
				Base,
			);
			mainGroup = 8D9343EE1E0DB680007E2992;
			productRefGroup = 8D9343F81E0DB680007E2992 /* Products */;
			projectDirPath = "";
			projectRoot = "";
			targets = (
				8D9343F61E0DB680007E2992 /* DecoSample */,
				8D93440A1E0DB681007E2992 /* DecoSampleTests */,
			);
		};
/* End PBXProject section */

/* Begin PBXResourcesBuildPhase section */
		8D9343F51E0DB680007E2992 /* Resources */ = {
			isa = PBXResourcesBuildPhase;
			buildActionMask = 2147483647;
			files = (
				8D9344051E0DB680007E2992 /* LaunchScreen.storyboard in Resources */,
				8D9344021E0DB680007E2992 /* Assets.xcassets in Resources */,
				8D9344001E0DB680007E2992 /* Main.storyboard in Resources */,
			);
			runOnlyForDeploymentPostprocessing = 0;
		};
		8D9344091E0DB681007E2992 /* Resources */ = {
			isa = PBXResourcesBuildPhase;
			buildActionMask = 2147483647;
			files = (
			);
			runOnlyForDeploymentPostprocessing = 0;
		};
/* End PBXResourcesBuildPhase section */

/* Begin PBXSourcesBuildPhase section */
		8D9343F31E0DB680007E2992 /* Sources */ = {
			isa = PBXSourcesBuildPhase;
			buildActionMask = 2147483647;
			files = (
				8D9343FD1E0DB680007E2992 /* ViewController.swift in Sources */,
				8D9343FB1E0DB680007E2992 /* AppDelegate.swift in Sources */,
				8D9344271E0DB70B007E2992 /* MyCoolModel.swift in Sources */,
			);
			runOnlyForDeploymentPostprocessing = 0;
		};
		8D9344071E0DB681007E2992 /* Sources */ = {
			isa = PBXSourcesBuildPhase;
			buildActionMask = 2147483647;
			files = (
				8D9344101E0DB681007E2992 /* DecoSampleTests.swift in Sources */,
			);
			runOnlyForDeploymentPostprocessing = 0;
		};
/* End PBXSourcesBuildPhase section */

/* Begin PBXTargetDependency section */
		8D93440D1E0DB681007E2992 /* PBXTargetDependency */ = {
			isa = PBXTargetDependency;
			target = 8D9343F61E0DB680007E2992 /* DecoSample */;
			targetProxy = 8D93440C1E0DB681007E2992 /* PBXContainerItemProxy */;
		};
/* End PBXTargetDependency section */

/* Begin PBXVariantGroup section */
		8D9343FE1E0DB680007E2992 /* Main.storyboard */ = {
			isa = PBXVariantGroup;
			children = (
				8D9343FF1E0DB680007E2992 /* Base */,
			);
			name = Main.storyboard;
			sourceTree = "<group>";
		};
		8D9344031E0DB680007E2992 /* LaunchScreen.storyboard */ = {
			isa = PBXVariantGroup;
			children = (
				8D9344041E0DB680007E2992 /* Base */,
			);
			name = LaunchScreen.storyboard;
			sourceTree = "<group>";
		};
/* End PBXVariantGroup section */

/* Begin XCBuildConfiguration section */
		8D9344121E0DB681007E2992 /* Debug */ = {
			isa = XCBuildConfiguration;
			buildSettings = {
				ALWAYS_SEARCH_USER_PATHS = NO;
				CLANG_ANALYZER_NONNULL = YES;
				CLANG_CXX_LANGUAGE_STANDARD = "gnu++0x";
				CLANG_CXX_LIBRARY = "libc++";
				CLANG_ENABLE_MODULES = YES;
				CLANG_ENABLE_OBJC_ARC = YES;
				CLANG_WARN_BOOL_CONVERSION = YES;
				CLANG_WARN_CONSTANT_CONVERSION = YES;
				CLANG_WARN_DIRECT_OBJC_ISA_USAGE = YES_ERROR;
				CLANG_WARN_DOCUMENTATION_COMMENTS = YES;
				CLANG_WARN_EMPTY_BODY = YES;
				CLANG_WARN_ENUM_CONVERSION = YES;
				CLANG_WARN_INFINITE_RECURSION = YES;
				CLANG_WARN_INT_CONVERSION = YES;
				CLANG_WARN_OBJC_ROOT_CLASS = YES_ERROR;
				CLANG_WARN_SUSPICIOUS_MOVE = YES;
				CLANG_WARN_UNREACHABLE_CODE = YES;
				CLANG_WARN__DUPLICATE_METHOD_MATCH = YES;
				"CODE_SIGN_IDENTITY[sdk=iphoneos*]" = "iPhone Developer";
				COPY_PHASE_STRIP = NO;
				DEBUG_INFORMATION_FORMAT = dwarf;
				ENABLE_STRICT_OBJC_MSGSEND = YES;
				ENABLE_TESTABILITY = YES;
				GCC_C_LANGUAGE_STANDARD = gnu99;
				GCC_DYNAMIC_NO_PIC = NO;
				GCC_NO_COMMON_BLOCKS = YES;
				GCC_OPTIMIZATION_LEVEL = 0;
				GCC_PREPROCESSOR_DEFINITIONS = (
					"DEBUG=1",
					"$(inherited)",
				);
				GCC_WARN_64_TO_32_BIT_CONVERSION = YES;
				GCC_WARN_ABOUT_RETURN_TYPE = YES_ERROR;
				GCC_WARN_UNDECLARED_SELECTOR = YES;
				GCC_WARN_UNINITIALIZED_AUTOS = YES_AGGRESSIVE;
				GCC_WARN_UNUSED_FUNCTION = YES;
				GCC_WARN_UNUSED_VARIABLE = YES;
				IPHONEOS_DEPLOYMENT_TARGET = 10.2;
				MTL_ENABLE_DEBUG_INFO = YES;
				ONLY_ACTIVE_ARCH = YES;
				SDKROOT = iphoneos;
				SWIFT_ACTIVE_COMPILATION_CONDITIONS = DEBUG;
				SWIFT_OPTIMIZATION_LEVEL = "-Onone";
				TARGETED_DEVICE_FAMILY = "1,2";
			};
			name = Debug;
		};
		8D9344131E0DB681007E2992 /* Release */ = {
			isa = XCBuildConfiguration;
			buildSettings = {
				ALWAYS_SEARCH_USER_PATHS = NO;
				CLANG_ANALYZER_NONNULL = YES;
				CLANG_CXX_LANGUAGE_STANDARD = "gnu++0x";
				CLANG_CXX_LIBRARY = "libc++";
				CLANG_ENABLE_MODULES = YES;
				CLANG_ENABLE_OBJC_ARC = YES;
				CLANG_WARN_BOOL_CONVERSION = YES;
				CLANG_WARN_CONSTANT_CONVERSION = YES;
				CLANG_WARN_DIRECT_OBJC_ISA_USAGE = YES_ERROR;
				CLANG_WARN_DOCUMENTATION_COMMENTS = YES;
				CLANG_WARN_EMPTY_BODY = YES;
				CLANG_WARN_ENUM_CONVERSION = YES;
				CLANG_WARN_INFINITE_RECURSION = YES;
				CLANG_WARN_INT_CONVERSION = YES;
				CLANG_WARN_OBJC_ROOT_CLASS = YES_ERROR;
				CLANG_WARN_SUSPICIOUS_MOVE = YES;
				CLANG_WARN_UNREACHABLE_CODE = YES;
				CLANG_WARN__DUPLICATE_METHOD_MATCH = YES;
				"CODE_SIGN_IDENTITY[sdk=iphoneos*]" = "iPhone Developer";
				COPY_PHASE_STRIP = NO;
				DEBUG_INFORMATION_FORMAT = "dwarf-with-dsym";
				ENABLE_NS_ASSERTIONS = NO;
				ENABLE_STRICT_OBJC_MSGSEND = YES;
				GCC_C_LANGUAGE_STANDARD = gnu99;
				GCC_NO_COMMON_BLOCKS = YES;
				GCC_WARN_64_TO_32_BIT_CONVERSION = YES;
				GCC_WARN_ABOUT_RETURN_TYPE = YES_ERROR;
				GCC_WARN_UNDECLARED_SELECTOR = YES;
				GCC_WARN_UNINITIALIZED_AUTOS = YES_AGGRESSIVE;
				GCC_WARN_UNUSED_FUNCTION = YES;
				GCC_WARN_UNUSED_VARIABLE = YES;
				IPHONEOS_DEPLOYMENT_TARGET = 10.2;
				MTL_ENABLE_DEBUG_INFO = NO;
				SDKROOT = iphoneos;
				SWIFT_OPTIMIZATION_LEVEL = "-Owholemodule";
				TARGETED_DEVICE_FAMILY = "1,2";
				VALIDATE_PRODUCT = YES;
			};
			name = Release;
		};
		8D9344151E0DB681007E2992 /* Debug */ = {
			isa = XCBuildConfiguration;
			buildSettings = {
				ASSETCATALOG_COMPILER_APPICON_NAME = AppIcon;
				DEVELOPMENT_TEAM = 3E6BQ2LVL2;
				INFOPLIST_FILE = DecoSample/Info.plist;
				LD_RUNPATH_SEARCH_PATHS = "$(inherited) @executable_path/Frameworks";
				PRODUCT_BUNDLE_IDENTIFIER = com.rawbirdtoe.DecoSample;
				PRODUCT_NAME = "$(TARGET_NAME)";
				SWIFT_VERSION = 3.0;
			};
			name = Debug;
		};
		8D9344161E0DB681007E2992 /* Release */ = {
			isa = XCBuildConfiguration;
			buildSettings = {
				ASSETCATALOG_COMPILER_APPICON_NAME = AppIcon;
				DEVELOPMENT_TEAM = 3E6BQ2LVL2;
				INFOPLIST_FILE = DecoSample/Info.plist;
				LD_RUNPATH_SEARCH_PATHS = "$(inherited) @executable_path/Frameworks";
				PRODUCT_BUNDLE_IDENTIFIER = com.rawbirdtoe.DecoSample;
				PRODUCT_NAME = "$(TARGET_NAME)";
				SWIFT_VERSION = 3.0;
			};
			name = Release;
		};
		8D9344181E0DB681007E2992 /* Debug */ = {
			isa = XCBuildConfiguration;
			buildSettings = {
				ALWAYS_EMBED_SWIFT_STANDARD_LIBRARIES = YES;
				BUNDLE_LOADER = "$(TEST_HOST)";
				DEVELOPMENT_TEAM = 3E6BQ2LVL2;
				INFOPLIST_FILE = DecoSampleTests/Info.plist;
				LD_RUNPATH_SEARCH_PATHS = "$(inherited) @executable_path/Frameworks @loader_path/Frameworks";
				PRODUCT_BUNDLE_IDENTIFIER = com.rawbirdtoe.DecoSampleTests;
				PRODUCT_NAME = "$(TARGET_NAME)";
				SWIFT_VERSION = 3.0;
				TEST_HOST = "$(BUILT_PRODUCTS_DIR)/DecoSample.app/DecoSample";
			};
			name = Debug;
		};
		8D9344191E0DB681007E2992 /* Release */ = {
			isa = XCBuildConfiguration;
			buildSettings = {
				ALWAYS_EMBED_SWIFT_STANDARD_LIBRARIES = YES;
				BUNDLE_LOADER = "$(TEST_HOST)";
				DEVELOPMENT_TEAM = 3E6BQ2LVL2;
				INFOPLIST_FILE = DecoSampleTests/Info.plist;
				LD_RUNPATH_SEARCH_PATHS = "$(inherited) @executable_path/Frameworks @loader_path/Frameworks";
				PRODUCT_BUNDLE_IDENTIFIER = com.rawbirdtoe.DecoSampleTests;
				PRODUCT_NAME = "$(TARGET_NAME)";
				SWIFT_VERSION = 3.0;
				TEST_HOST = "$(BUILT_PRODUCTS_DIR)/DecoSample.app/DecoSample";
			};
			name = Release;
		};
/* End XCBuildConfiguration section */

/* Begin XCConfigurationList section */
		8D9343F21E0DB680007E2992 /* Build configuration list for PBXProject "DecoSample" */ = {
			isa = XCConfigurationList;
			buildConfigurations = (
				8D9344121E0DB681007E2992 /* Debug */,
				8D9344131E0DB681007E2992 /* Release */,
			);
			defaultConfigurationIsVisible = 0;
			defaultConfigurationName = Release;
		};
		8D9344141E0DB681007E2992 /* Build configuration list for PBXNativeTarget "DecoSample" */ = {
			isa = XCConfigurationList;
			buildConfigurations = (
				8D9344151E0DB681007E2992 /* Debug */,
				8D9344161E0DB681007E2992 /* Release */,
			);
			defaultConfigurationIsVisible = 0;
		};
		8D9344171E0DB681007E2992 /* Build configuration list for PBXNativeTarget "DecoSampleTests" */ = {
			isa = XCConfigurationList;
			buildConfigurations = (
				8D9344181E0DB681007E2992 /* Debug */,
				8D9344191E0DB681007E2992 /* Release */,
			);
			defaultConfigurationIsVisible = 0;
		};
/* End XCConfigurationList section */
	};
	rootObject = 8D9343EF1E0DB680007E2992 /* Project object */;
}
